
Microsoft Visual Studio Solution File, Format Version 12.00
# Visual Studio Version 17
VisualStudioVersion = 17.1.32104.313
MinimumVisualStudioVersion = 10.0.40219.1
Project("{FAE04EC0-301F-11D3-BF4B-00C04F79EFBC}") = "tapsiriq 11 CS", "tapsiriq 11 CS\tapsiriq 11 CS.csproj", "{1C74CBC7-CE42-42BF-8DA6-C1D9DB4349E6}"
EndProject
Global
	GlobalSection(SolutionConfigurationPlatforms) = preSolution
		Debug|Any CPU = Debug|Any CPU
		Release|Any CPU = Release|Any CPU
	EndGlobalSection
	GlobalSection(ProjectConfigurationPlatforms) = postSolution
		{1C74CBC7-CE42-42BF-8DA6-C1D9DB4349E6}.Debug|Any CPU.ActiveCfg = Debug|Any CPU
		{1C74CBC7-CE42-42BF-8DA6-C1D9DB4349E6}.Debug|Any CPU.Build.0 = Debug|Any CPU
		{1C74CBC7-CE42-42BF-8DA6-C1D9DB4349E6}.Release|Any CPU.ActiveCfg = Release|Any CPU
		{1C74CBC7-CE42-42BF-8DA6-C1D9DB4349E6}.Release|Any CPU.Build.0 = Release|Any CPU
	EndGlobalSection
	GlobalSection(SolutionProperties) = preSolution
		HideSolutionNode = FALSE
	EndGlobalSection
	GlobalSection(ExtensibilityGlobals) = postSolution
		SolutionGuid = {E5E34513-930A-4FC5-BCF5-CC2A5921835A}
	EndGlobalSection
EndGlobal
